// !$*UTF8*$!
{
	archiveVersion = 1;
	classes = {
	};
	objectVersion = 48;
	objects = {

/* Begin PBXBuildFile section */
		3F3C93841F7CE4B3006B4227 /* Qwer.m in Sources */ = {isa = PBXBuildFile; fileRef = 3F3C93831F7CE4B3006B4227 /* Qwer.m */; };
		3FA5B8B71F7C8FFF00FD4963 /* AppDelegate.m in Sources */ = {isa = PBXBuildFile; fileRef = 3FA5B8B61F7C8FFF00FD4963 /* AppDelegate.m */; };
		3FA5B8BA1F7C8FFF00FD4963 /* JenkinsRootViewController.m in Sources */ = {isa = PBXBuildFile; fileRef = 3FA5B8B91F7C8FFF00FD4963 /* JenkinsRootViewController.m */; };
		3FA5B8BD1F7C8FFF00FD4963 /* Main.storyboard in Resources */ = {isa = PBXBuildFile; fileRef = 3FA5B8BB1F7C8FFF00FD4963 /* Main.storyboard */; };
		3FA5B8BF1F7C8FFF00FD4963 /* Assets.xcassets in Resources */ = {isa = PBXBuildFile; fileRef = 3FA5B8BE1F7C8FFF00FD4963 /* Assets.xcassets */; };
		3FA5B8C21F7C8FFF00FD4963 /* LaunchScreen.storyboard in Resources */ = {isa = PBXBuildFile; fileRef = 3FA5B8C01F7C8FFF00FD4963 /* LaunchScreen.storyboard */; };
		3FA5B8C51F7C8FFF00FD4963 /* main.m in Sources */ = {isa = PBXBuildFile; fileRef = 3FA5B8C41F7C8FFF00FD4963 /* main.m */; };
/* End PBXBuildFile section */

/* Begin PBXFileReference section */
		3F3C93821F7CE4B3006B4227 /* Qwer.h */ = {isa = PBXFileReference; lastKnownFileType = sourcecode.c.h; path = Qwer.h; sourceTree = "<group>"; };
		3F3C93831F7CE4B3006B4227 /* Qwer.m */ = {isa = PBXFileReference; lastKnownFileType = sourcecode.c.objc; path = Qwer.m; sourceTree = "<group>"; };
		3FA5B8B21F7C8FFF00FD4963 /* JenkinsTest0928.app */ = {isa = PBXFileReference; explicitFileType = wrapper.application; includeInIndex = 0; path = JenkinsTest0928.app; sourceTree = BUILT_PRODUCTS_DIR; };
		3FA5B8B51F7C8FFF00FD4963 /* AppDelegate.h */ = {isa = PBXFileReference; lastKnownFileType = sourcecode.c.h; path = AppDelegate.h; sourceTree = "<group>"; };
		3FA5B8B61F7C8FFF00FD4963 /* AppDelegate.m */ = {isa = PBXFileReference; lastKnownFileType = sourcecode.c.objc; path = AppDelegate.m; sourceTree = "<group>"; };
		3FA5B8B81F7C8FFF00FD4963 /* JenkinsRootViewController.h */ = {isa = PBXFileReference; lastKnownFileType = sourcecode.c.h; path = JenkinsRootViewController.h; sourceTree = "<group>"; };
		3FA5B8B91F7C8FFF00FD4963 /* JenkinsRootViewController.m */ = {isa = PBXFileReference; lastKnownFileType = sourcecode.c.objc; path = JenkinsRootViewController.m; sourceTree = "<group>"; };
		3FA5B8BC1F7C8FFF00FD4963 /* Base */ = {isa = PBXFileReference; lastKnownFileType = file.storyboard; name = Base; path = Base.lproj/Main.storyboard; sourceTree = "<group>"; };
		3FA5B8BE1F7C8FFF00FD4963 /* Assets.xcassets */ = {isa = PBXFileReference; lastKnownFileType = folder.assetcatalog; path = Assets.xcassets; sourceTree = "<group>"; };
		3FA5B8C11F7C8FFF00FD4963 /* Base */ = {isa = PBXFileReference; lastKnownFileType = file.storyboard; name = Base; path = Base.lproj/LaunchScreen.storyboard; sourceTree = "<group>"; };
		3FA5B8C31F7C8FFF00FD4963 /* Info.plist */ = {isa = PBXFileReference; lastKnownFileType = text.plist.xml; path = Info.plist; sourceTree = "<group>"; };
		3FA5B8C41F7C8FFF00FD4963 /* main.m */ = {isa = PBXFileReference; lastKnownFileType = sourcecode.c.objc; path = main.m; sourceTree = "<group>"; };
/* End PBXFileReference section */

/* Begin PBXFrameworksBuildPhase section */
		3FA5B8AF1F7C8FFF00FD4963 /* Frameworks */ = {
			isa = PBXFrameworksBuildPhase;
			buildActionMask = 2147483647;
			files = (
			);
			runOnlyForDeploymentPostprocessing = 0;
		};
/* End PBXFrameworksBuildPhase section */

/* Begin PBXGroup section */
		3FA5B8A91F7C8FFF00FD4963 = {
			isa = PBXGroup;
			children = (
				3FA5B8B41F7C8FFF00FD4963 /* JenkinsTest0928 */,
				3FA5B8B31F7C8FFF00FD4963 /* Products */,
			);
			sourceTree = "<group>";
		};
		3FA5B8B31F7C8FFF00FD4963 /* Products */ = {
			isa = PBXGroup;
			children = (
				3FA5B8B21F7C8FFF00FD4963 /* JenkinsTest0928.app */,
			);
			name = Products;
			sourceTree = "<group>";
		};
		3FA5B8B41F7C8FFF00FD4963 /* JenkinsTest0928 */ = {
			isa = PBXGroup;
			children = (
				3FA5B8B51F7C8FFF00FD4963 /* AppDelegate.h */,
				3FA5B8B61F7C8FFF00FD4963 /* AppDelegate.m */,
				3FA5B8B81F7C8FFF00FD4963 /* JenkinsRootViewController.h */,
				3FA5B8B91F7C8FFF00FD4963 /* JenkinsRootViewController.m */,
				3F3C93821F7CE4B3006B4227 /* Qwer.h */,
				3F3C93831F7CE4B3006B4227 /* Qwer.m */,
				3FA5B8BB1F7C8FFF00FD4963 /* Main.storyboard */,
				3FA5B8BE1F7C8FFF00FD4963 /* Assets.xcassets */,
				3FA5B8C01F7C8FFF00FD4963 /* LaunchScreen.storyboard */,
				3FA5B8C31F7C8FFF00FD4963 /* Info.plist */,
				3FA5B8C41F7C8FFF00FD4963 /* main.m */,
			);
			path = JenkinsTest0928;
			sourceTree = "<group>";
		};
/* End PBXGroup section */

/* Begin PBXNativeTarget section */
		3FA5B8B11F7C8FFF00FD4963 /* JenkinsTest0928 */ = {
			isa = PBXNativeTarget;
			buildConfigurationList = 3FA5B8C81F7C8FFF00FD4963 /* Build configuration list for PBXNativeTarget "JenkinsTest0928" */;
			buildPhases = (
				3FA5B8AE1F7C8FFF00FD4963 /* Sources */,
				3FA5B8AF1F7C8FFF00FD4963 /* Frameworks */,
				3FA5B8B01F7C8FFF00FD4963 /* Resources */,
			);
			buildRules = (
			);
			dependencies = (
			);
			name = JenkinsTest0928;
			productName = JenkinsTest0928;
			productReference = 3FA5B8B21F7C8FFF00FD4963 /* JenkinsTest0928.app */;
			productType = "com.apple.product-type.application";
		};
/* End PBXNativeTarget section */

/* Begin PBXProject section */
		3FA5B8AA1F7C8FFF00FD4963 /* Project object */ = {
			isa = PBXProject;
			attributes = {
				LastUpgradeCheck = 0900;
				ORGANIZATIONNAME = "青牛(北京)技术有限公司";
				TargetAttributes = {
					3FA5B8B11F7C8FFF00FD4963 = {
						CreatedOnToolsVersion = 9.0;
						ProvisioningStyle = Manual;
					};
				};
			};
			buildConfigurationList = 3FA5B8AD1F7C8FFF00FD4963 /* Build configuration list for PBXProject "JenkinsTest0928" */;
			compatibilityVersion = "Xcode 8.0";
			developmentRegion = en;
			hasScannedForEncodings = 0;
			knownRegions = (
				en,
				Base,
			);
			mainGroup = 3FA5B8A91F7C8FFF00FD4963;
			productRefGroup = 3FA5B8B31F7C8FFF00FD4963 /* Products */;
			projectDirPath = "";
			projectRoot = "";
			targets = (
				3FA5B8B11F7C8FFF00FD4963 /* JenkinsTest0928 */,
			);
		};
/* End PBXProject section */

/* Begin PBXResourcesBuildPhase section */
		3FA5B8B01F7C8FFF00FD4963 /* Resources */ = {
			isa = PBXResourcesBuildPhase;
			buildActionMask = 2147483647;
			files = (
				3FA5B8C21F7C8FFF00FD4963 /* LaunchScreen.storyboard in Resources */,
				3FA5B8BF1F7C8FFF00FD4963 /* Assets.xcassets in Resources */,
				3FA5B8BD1F7C8FFF00FD4963 /* Main.storyboard in Resources */,
			);
			runOnlyForDeploymentPostprocessing = 0;
		};
/* End PBXResourcesBuildPhase section */

/* Begin PBXSourcesBuildPhase section */
		3FA5B8AE1F7C8FFF00FD4963 /* Sources */ = {
			isa = PBXSourcesBuildPhase;
			buildActionMask = 2147483647;
			files = (
				3F3C93841F7CE4B3006B4227 /* Qwer.m in Sources */,
				3FA5B8BA1F7C8FFF00FD4963 /* JenkinsRootViewController.m in Sources */,
				3FA5B8C51F7C8FFF00FD4963 /* main.m in Sources */,
				3FA5B8B71F7C8FFF00FD4963 /* AppDelegate.m in Sources */,
			);
			runOnlyForDeploymentPostprocessing = 0;
		};
/* End PBXSourcesBuildPhase section */

/* Begin PBXVariantGroup section */
		3FA5B8BB1F7C8FFF00FD4963 /* Main.storyboard */ = {
			isa = PBXVariantGroup;
			children = (
				3FA5B8BC1F7C8FFF00FD4963 /* Base */,
			);
			name = Main.storyboard;
			sourceTree = "<group>";
		};
		3FA5B8C01F7C8FFF00FD4963 /* LaunchScreen.storyboard */ = {
			isa = PBXVariantGroup;
			children = (
				3FA5B8C11F7C8FFF00FD4963 /* Base */,
			);
			name = LaunchScreen.storyboard;
			sourceTree = "<group>";
		};
/* End PBXVariantGroup section */

/* Begin XCBuildConfiguration section */
		3FA5B8C61F7C8FFF00FD4963 /* Debug */ = {
			isa = XCBuildConfiguration;
			buildSettings = {
				ALWAYS_SEARCH_USER_PATHS = NO;
				CLANG_ANALYZER_NONNULL = YES;
				CLANG_ANALYZER_NUMBER_OBJECT_CONVERSION = YES_AGGRESSIVE;
				CLANG_CXX_LANGUAGE_STANDARD = "gnu++14";
				CLANG_CXX_LIBRARY = "libc++";
				CLANG_ENABLE_MODULES = YES;
				CLANG_ENABLE_OBJC_ARC = YES;
				CLANG_WARN_BLOCK_CAPTURE_AUTORELEASING = YES;
				CLANG_WARN_BOOL_CONVERSION = YES;
				CLANG_WARN_COMMA = YES;
				CLANG_WARN_CONSTANT_CONVERSION = YES;
				CLANG_WARN_DIRECT_OBJC_ISA_USAGE = YES_ERROR;
				CLANG_WARN_DOCUMENTATION_COMMENTS = YES;
				CLANG_WARN_EMPTY_BODY = YES;
				CLANG_WARN_ENUM_CONVERSION = YES;
				CLANG_WARN_INFINITE_RECURSION = YES;
				CLANG_WARN_INT_CONVERSION = YES;
				CLANG_WARN_NON_LITERAL_NULL_CONVERSION = YES;
				CLANG_WARN_OBJC_LITERAL_CONVERSION = YES;
				CLANG_WARN_OBJC_ROOT_CLASS = YES_ERROR;
				CLANG_WARN_RANGE_LOOP_ANALYSIS = YES;
				CLANG_WARN_STRICT_PROTOTYPES = YES;
				CLANG_WARN_SUSPICIOUS_MOVE = YES;
				CLANG_WARN_UNGUARDED_AVAILABILITY = YES_AGGRESSIVE;
				CLANG_WARN_UNREACHABLE_CODE = YES;
				CLANG_WARN__DUPLICATE_METHOD_MATCH = YES;
				CODE_SIGN_IDENTITY = "iPhone Developer";
				COPY_PHASE_STRIP = NO;
				DEBUG_INFORMATION_FORMAT = dwarf;
				ENABLE_STRICT_OBJC_MSGSEND = YES;
				ENABLE_TESTABILITY = YES;
				GCC_C_LANGUAGE_STANDARD = gnu11;
				GCC_DYNAMIC_NO_PIC = NO;
				GCC_NO_COMMON_BLOCKS = YES;
				GCC_OPTIMIZATION_LEVEL = 0;
				GCC_PREPROCESSOR_DEFINITIONS = (
					"DEBUG=1",
					"$(inherited)",
				);
				GCC_WARN_64_TO_32_BIT_CONVERSION = YES;
				GCC_WARN_ABOUT_RETURN_TYPE = YES_ERROR;
				GCC_WARN_UNDECLARED_SELECTOR = YES;
				GCC_WARN_UNINITIALIZED_AUTOS = YES_AGGRESSIVE;
				GCC_WARN_UNUSED_FUNCTION = YES;
				GCC_WARN_UNUSED_VARIABLE = YES;
				IPHONEOS_DEPLOYMENT_TARGET = 8.0;
				MTL_ENABLE_DEBUG_INFO = YES;
				ONLY_ACTIVE_ARCH = YES;
				SDKROOT = iphoneos;
			};
			name = Debug;
		};
		3FA5B8C71F7C8FFF00FD4963 /* Release */ = {
			isa = XCBuildConfiguration;
			buildSettings = {
				ALWAYS_SEARCH_USER_PATHS = NO;
				CLANG_ANALYZER_NONNULL = YES;
				CLANG_ANALYZER_NUMBER_OBJECT_CONVERSION = YES_AGGRESSIVE;
				CLANG_CXX_LANGUAGE_STANDARD = "gnu++14";
				CLANG_CXX_LIBRARY = "libc++";
				CLANG_ENABLE_MODULES = YES;
				CLANG_ENABLE_OBJC_ARC = YES;
				CLANG_WARN_BLOCK_CAPTURE_AUTORELEASING = YES;
				CLANG_WARN_BOOL_CONVERSION = YES;
				CLANG_WARN_COMMA = YES;
				CLANG_WARN_CONSTANT_CONVERSION = YES;
				CLANG_WARN_DIRECT_OBJC_ISA_USAGE = YES_ERROR;
				CLANG_WARN_DOCUMENTATION_COMMENTS = YES;
				CLANG_WARN_EMPTY_BODY = YES;
				CLANG_WARN_ENUM_CONVERSION = YES;
				CLANG_WARN_INFINITE_RECURSION = YES;
				CLANG_WARN_INT_CONVERSION = YES;
				CLANG_WARN_NON_LITERAL_NULL_CONVERSION = YES;
				CLANG_WARN_OBJC_LITERAL_CONVERSION = YES;
				CLANG_WARN_OBJC_ROOT_CLASS = YES_ERROR;
				CLANG_WARN_RANGE_LOOP_ANALYSIS = YES;
				CLANG_WARN_STRICT_PROTOTYPES = YES;
				CLANG_WARN_SUSPICIOUS_MOVE = YES;
				CLANG_WARN_UNGUARDED_AVAILABILITY = YES_AGGRESSIVE;
				CLANG_WARN_UNREACHABLE_CODE = YES;
				CLANG_WARN__DUPLICATE_METHOD_MATCH = YES;
				CODE_SIGN_IDENTITY = "iPhone Developer";
				COPY_PHASE_STRIP = NO;
				DEBUG_INFORMATION_FORMAT = "dwarf-with-dsym";
				ENABLE_NS_ASSERTIONS = NO;
				ENABLE_STRICT_OBJC_MSGSEND = YES;
				GCC_C_LANGUAGE_STANDARD = gnu11;
				GCC_NO_COMMON_BLOCKS = YES;
				GCC_WARN_64_TO_32_BIT_CONVERSION = YES;
				GCC_WARN_ABOUT_RETURN_TYPE = YES_ERROR;
				GCC_WARN_UNDECLARED_SELECTOR = YES;
				GCC_WARN_UNINITIALIZED_AUTOS = YES_AGGRESSIVE;
				GCC_WARN_UNUSED_FUNCTION = YES;
				GCC_WARN_UNUSED_VARIABLE = YES;
				IPHONEOS_DEPLOYMENT_TARGET = 8.0;
				MTL_ENABLE_DEBUG_INFO = NO;
				SDKROOT = iphoneos;
				VALIDATE_PRODUCT = YES;
			};
			name = Release;
		};
		3FA5B8C91F7C8FFF00FD4963 /* Debug */ = {
			isa = XCBuildConfiguration;
			buildSettings = {
				ASSETCATALOG_COMPILER_APPICON_NAME = AppIcon;
				CODE_SIGN_IDENTITY = "iPhone Distribution: Beijing Redcdn Technology Co.,Ltd.";
				"CODE_SIGN_IDENTITY[sdk=iphoneos*]" = "iPhone Distribution: Beijing Redcdn Technology Co.,Ltd.";
				CODE_SIGN_STYLE = Manual;
				DEVELOPMENT_TEAM = 86JGT83XF7;
				INFOPLIST_FILE = JenkinsTest0928/Info.plist;
				LD_RUNPATH_SEARCH_PATHS = "$(inherited) @executable_path/Frameworks";
				PRODUCT_BUNDLE_IDENTIFIER = com.agentsdk.agentsdk;
				PRODUCT_NAME = "$(TARGET_NAME)";
				PROVISIONING_PROFILE = "73714559-5abf-4d46-8f27-19996cd25785";
				PROVISIONING_PROFILE_SPECIFIER = agentSDK;
				TARGETED_DEVICE_FAMILY = "1,2";
			};
			name = Debug;
		};
		3FA5B8CA1F7C8FFF00FD4963 /* Release */ = {
			isa = XCBuildConfiguration;
			buildSettings = {
				ASSETCATALOG_COMPILER_APPICON_NAME = AppIcon;
				CODE_SIGN_IDENTITY = "iPhone Distribution: Beijing Redcdn Technology Co.,Ltd.";
				"CODE_SIGN_IDENTITY[sdk=iphoneos*]" = "iPhone Distribution: Beijing Redcdn Technology Co.,Ltd.";
				CODE_SIGN_STYLE = Manual;
				DEVELOPMENT_TEAM = 86JGT83XF7;
				INFOPLIST_FILE = JenkinsTest0928/Info.plist;
				LD_RUNPATH_SEARCH_PATHS = "$(inherited) @executable_path/Frameworks";
				PRODUCT_BUNDLE_IDENTIFIER = com.agentsdk.agentsdk;
				PRODUCT_NAME = "$(TARGET_NAME)";
				PROVISIONING_PROFILE = "73714559-5abf-4d46-8f27-19996cd25785";
				PROVISIONING_PROFILE_SPECIFIER = agentSDK;
				TARGETED_DEVICE_FAMILY = "1,2";
			};
			name = Release;
		};
/* End XCBuildConfiguration section */

/* Begin XCConfigurationList section */
		3FA5B8AD1F7C8FFF00FD4963 /* Build configuration list for PBXProject "JenkinsTest0928" */ = {
			isa = XCConfigurationList;
			buildConfigurations = (
				3FA5B8C61F7C8FFF00FD4963 /* Debug */,
				3FA5B8C71F7C8FFF00FD4963 /* Release */,
			);
			defaultConfigurationIsVisible = 0;
			defaultConfigurationName = Release;
		};
		3FA5B8C81F7C8FFF00FD4963 /* Build configuration list for PBXNativeTarget "JenkinsTest0928" */ = {
			isa = XCConfigurationList;
			buildConfigurations = (
				3FA5B8C91F7C8FFF00FD4963 /* Debug */,
				3FA5B8CA1F7C8FFF00FD4963 /* Release */,
			);
			defaultConfigurationIsVisible = 0;
			defaultConfigurationName = Release;
		};
/* End XCConfigurationList section */
	};
	rootObject = 3FA5B8AA1F7C8FFF00FD4963 /* Project object */;
}
